// !$*UTF8*$!
{
	archiveVersion = 1;
	classes = {
	};
	objectVersion = 50;
	objects = {

/* Begin PBXBuildFile section */
		023A8A1125248B100013AAF1 /* Pie.swift in Sources */ = {isa = PBXBuildFile; fileRef = 023A8A1025248B100013AAF1 /* Pie.swift */; };
		023A8A18252492AD0013AAF1 /* Cardify.swift in Sources */ = {isa = PBXBuildFile; fileRef = 023A8A17252492AD0013AAF1 /* Cardify.swift */; };
		0288CF9E251A2C89002D5ED5 /* Grid.swift in Sources */ = {isa = PBXBuildFile; fileRef = 0288CF9D251A2C89002D5ED5 /* Grid.swift */; };
		0288CFA1251A327C002D5ED5 /* GridLayout.swift in Sources */ = {isa = PBXBuildFile; fileRef = 0288CFA0251A327C002D5ED5 /* GridLayout.swift */; };
		0288CFA4251A3608002D5ED5 /* Array+Identifiable.swift in Sources */ = {isa = PBXBuildFile; fileRef = 0288CFA3251A3608002D5ED5 /* Array+Identifiable.swift */; };
		02A04275251A4566003A3ECE /* Array+Only.swift in Sources */ = {isa = PBXBuildFile; fileRef = 02A04274251A4566003A3ECE /* Array+Only.swift */; };
		02ADA79C2513942E0003CF63 /* AppDelegate.swift in Sources */ = {isa = PBXBuildFile; fileRef = 02ADA79B2513942E0003CF63 /* AppDelegate.swift */; };
		02ADA79E2513942E0003CF63 /* SceneDelegate.swift in Sources */ = {isa = PBXBuildFile; fileRef = 02ADA79D2513942E0003CF63 /* SceneDelegate.swift */; };
		02ADA7A02513942E0003CF63 /* EmojiMemoryGameView.swift in Sources */ = {isa = PBXBuildFile; fileRef = 02ADA79F2513942E0003CF63 /* EmojiMemoryGameView.swift */; };
		02ADA7A2251394350003CF63 /* Assets.xcassets in Resources */ = {isa = PBXBuildFile; fileRef = 02ADA7A1251394350003CF63 /* Assets.xcassets */; };
		02ADA7A5251394350003CF63 /* Preview Assets.xcassets in Resources */ = {isa = PBXBuildFile; fileRef = 02ADA7A4251394350003CF63 /* Preview Assets.xcassets */; };
		02ADA7A8251394350003CF63 /* LaunchScreen.storyboard in Resources */ = {isa = PBXBuildFile; fileRef = 02ADA7A6251394350003CF63 /* LaunchScreen.storyboard */; };
		02ADA7B02513ACA70003CF63 /* MemoryGame.swift in Sources */ = {isa = PBXBuildFile; fileRef = 02ADA7AF2513ACA70003CF63 /* MemoryGame.swift */; };
		02ADA7B22513AED00003CF63 /* EmojiMemoryGame.swift in Sources */ = {isa = PBXBuildFile; fileRef = 02ADA7B12513AED00003CF63 /* EmojiMemoryGame.swift */; };
/* End PBXBuildFile section */

/* Begin PBXFileReference section */
		023A8A1025248B100013AAF1 /* Pie.swift */ = {isa = PBXFileReference; lastKnownFileType = sourcecode.swift; path = Pie.swift; sourceTree = "<group>"; };
		023A8A17252492AD0013AAF1 /* Cardify.swift */ = {isa = PBXFileReference; lastKnownFileType = sourcecode.swift; path = Cardify.swift; sourceTree = "<group>"; };
		0288CF9D251A2C89002D5ED5 /* Grid.swift */ = {isa = PBXFileReference; lastKnownFileType = sourcecode.swift; path = Grid.swift; sourceTree = "<group>"; };
		0288CFA0251A327C002D5ED5 /* GridLayout.swift */ = {isa = PBXFileReference; fileEncoding = 4; lastKnownFileType = sourcecode.swift; path = GridLayout.swift; sourceTree = "<group>"; };
		0288CFA3251A3608002D5ED5 /* Array+Identifiable.swift */ = {isa = PBXFileReference; lastKnownFileType = sourcecode.swift; path = "Array+Identifiable.swift"; sourceTree = "<group>"; };
		02A04274251A4566003A3ECE /* Array+Only.swift */ = {isa = PBXFileReference; lastKnownFileType = sourcecode.swift; path = "Array+Only.swift"; sourceTree = "<group>"; };
		02ADA7982513942E0003CF63 /* Memorize.app */ = {isa = PBXFileReference; explicitFileType = wrapper.application; includeInIndex = 0; path = Memorize.app; sourceTree = BUILT_PRODUCTS_DIR; };
		02ADA79B2513942E0003CF63 /* AppDelegate.swift */ = {isa = PBXFileReference; lastKnownFileType = sourcecode.swift; path = AppDelegate.swift; sourceTree = "<group>"; };
		02ADA79D2513942E0003CF63 /* SceneDelegate.swift */ = {isa = PBXFileReference; lastKnownFileType = sourcecode.swift; path = SceneDelegate.swift; sourceTree = "<group>"; };
		02ADA79F2513942E0003CF63 /* EmojiMemoryGameView.swift */ = {isa = PBXFileReference; lastKnownFileType = sourcecode.swift; path = EmojiMemoryGameView.swift; sourceTree = "<group>"; };
		02ADA7A1251394350003CF63 /* Assets.xcassets */ = {isa = PBXFileReference; lastKnownFileType = folder.assetcatalog; path = Assets.xcassets; sourceTree = "<group>"; };
		02ADA7A4251394350003CF63 /* Preview Assets.xcassets */ = {isa = PBXFileReference; lastKnownFileType = folder.assetcatalog; path = "Preview Assets.xcassets"; sourceTree = "<group>"; };
		02ADA7A7251394350003CF63 /* Base */ = {isa = PBXFileReference; lastKnownFileType = file.storyboard; name = Base; path = Base.lproj/LaunchScreen.storyboard; sourceTree = "<group>"; };
		02ADA7A9251394350003CF63 /* Info.plist */ = {isa = PBXFileReference; lastKnownFileType = text.plist.xml; path = Info.plist; sourceTree = "<group>"; };
		02ADA7AF2513ACA70003CF63 /* MemoryGame.swift */ = {isa = PBXFileReference; lastKnownFileType = sourcecode.swift; path = MemoryGame.swift; sourceTree = "<group>"; };
		02ADA7B12513AED00003CF63 /* EmojiMemoryGame.swift */ = {isa = PBXFileReference; lastKnownFileType = sourcecode.swift; path = EmojiMemoryGame.swift; sourceTree = "<group>"; };
/* End PBXFileReference section */

/* Begin PBXFrameworksBuildPhase section */
		02ADA7952513942E0003CF63 /* Frameworks */ = {
			isa = PBXFrameworksBuildPhase;
			buildActionMask = 2147483647;
			files = (
			);
			runOnlyForDeploymentPostprocessing = 0;
		};
/* End PBXFrameworksBuildPhase section */

/* Begin PBXGroup section */
		023A8A1A252745010013AAF1 /* Model */ = {
			isa = PBXGroup;
			children = (
				02ADA7AF2513ACA70003CF63 /* MemoryGame.swift */,
			);
			path = Model;
			sourceTree = "<group>";
		};
		023A8A1B252745140013AAF1 /* ViewModel */ = {
			isa = PBXGroup;
			children = (
				02ADA7B12513AED00003CF63 /* EmojiMemoryGame.swift */,
			);
			path = ViewModel;
			sourceTree = "<group>";
		};
		023A8A1C2527452A0013AAF1 /* View */ = {
			isa = PBXGroup;
			children = (
				02ADA79F2513942E0003CF63 /* EmojiMemoryGameView.swift */,
				023A8A1025248B100013AAF1 /* Pie.swift */,
				0288CF9D251A2C89002D5ED5 /* Grid.swift */,
				0288CFA0251A327C002D5ED5 /* GridLayout.swift */,
			);
			path = View;
			sourceTree = "<group>";
		};
		023DB81E252485960057A364 /* Extensions */ = {
			isa = PBXGroup;
			children = (
				02A04274251A4566003A3ECE /* Array+Only.swift */,
				0288CFA3251A3608002D5ED5 /* Array+Identifiable.swift */,
			);
			path = Extensions;
			sourceTree = "<group>";
		};
		02ADA78F2513942E0003CF63 = {
			isa = PBXGroup;
			children = (
				02ADA79A2513942E0003CF63 /* Memorize */,
				02ADA7992513942E0003CF63 /* Products */,
			);
			sourceTree = "<group>";
		};
		02ADA7992513942E0003CF63 /* Products */ = {
			isa = PBXGroup;
			children = (
				02ADA7982513942E0003CF63 /* Memorize.app */,
			);
			name = Products;
			sourceTree = "<group>";
		};
		02ADA79A2513942E0003CF63 /* Memorize */ = {
			isa = PBXGroup;
			children = (
				023A8A1C2527452A0013AAF1 /* View */,
				023A8A1B252745140013AAF1 /* ViewModel */,
				023A8A1A252745010013AAF1 /* Model */,
				023DB81E252485960057A364 /* Extensions */,
				02ADA79B2513942E0003CF63 /* AppDelegate.swift */,
				02ADA79D2513942E0003CF63 /* SceneDelegate.swift */,
				02ADA7A1251394350003CF63 /* Assets.xcassets */,
				02ADA7A6251394350003CF63 /* LaunchScreen.storyboard */,
				02ADA7A9251394350003CF63 /* Info.plist */,
				02ADA7A3251394350003CF63 /* Preview Content */,
				023A8A17252492AD0013AAF1 /* Cardify.swift */,
			);
			path = Memorize;
			sourceTree = "<group>";
		};
		02ADA7A3251394350003CF63 /* Preview Content */ = {
			isa = PBXGroup;
			children = (
				02ADA7A4251394350003CF63 /* Preview Assets.xcassets */,
			);
			path = "Preview Content";
			sourceTree = "<group>";
		};
/* End PBXGroup section */

/* Begin PBXNativeTarget section */
		02ADA7972513942E0003CF63 /* Memorize */ = {
			isa = PBXNativeTarget;
			buildConfigurationList = 02ADA7AC251394350003CF63 /* Build configuration list for PBXNativeTarget "Memorize" */;
			buildPhases = (
				02ADA7942513942E0003CF63 /* Sources */,
				02ADA7952513942E0003CF63 /* Frameworks */,
				02ADA7962513942E0003CF63 /* Resources */,
			);
			buildRules = (
			);
			dependencies = (
			);
			name = Memorize;
			productName = Memorize;
			productReference = 02ADA7982513942E0003CF63 /* Memorize.app */;
			productType = "com.apple.product-type.application";
		};
/* End PBXNativeTarget section */

/* Begin PBXProject section */
		02ADA7902513942E0003CF63 /* Project object */ = {
			isa = PBXProject;
			attributes = {
				LastSwiftUpdateCheck = 1170;
				LastUpgradeCheck = 1170;
				ORGANIZATIONNAME = "堺雄之介";
				TargetAttributes = {
					02ADA7972513942E0003CF63 = {
						CreatedOnToolsVersion = 11.7;
					};
				};
			};
			buildConfigurationList = 02ADA7932513942E0003CF63 /* Build configuration list for PBXProject "Memorize" */;
			compatibilityVersion = "Xcode 9.3";
			developmentRegion = en;
			hasScannedForEncodings = 0;
			knownRegions = (
				en,
				Base,
			);
			mainGroup = 02ADA78F2513942E0003CF63;
			productRefGroup = 02ADA7992513942E0003CF63 /* Products */;
			projectDirPath = "";
			projectRoot = "";
			targets = (
				02ADA7972513942E0003CF63 /* Memorize */,
			);
		};
/* End PBXProject section */

/* Begin PBXResourcesBuildPhase section */
		02ADA7962513942E0003CF63 /* Resources */ = {
			isa = PBXResourcesBuildPhase;
			buildActionMask = 2147483647;
			files = (
				02ADA7A8251394350003CF63 /* LaunchScreen.storyboard in Resources */,
				02ADA7A5251394350003CF63 /* Preview Assets.xcassets in Resources */,
				02ADA7A2251394350003CF63 /* Assets.xcassets in Resources */,
			);
			runOnlyForDeploymentPostprocessing = 0;
		};
/* End PBXResourcesBuildPhase section */

/* Begin PBXSourcesBuildPhase section */
		02ADA7942513942E0003CF63 /* Sources */ = {
			isa = PBXSourcesBuildPhase;
			buildActionMask = 2147483647;
			files = (
				023A8A18252492AD0013AAF1 /* Cardify.swift in Sources */,
				023A8A1125248B100013AAF1 /* Pie.swift in Sources */,
				02ADA79C2513942E0003CF63 /* AppDelegate.swift in Sources */,
				02ADA79E2513942E0003CF63 /* SceneDelegate.swift in Sources */,
				02ADA7B02513ACA70003CF63 /* MemoryGame.swift in Sources */,
				02A04275251A4566003A3ECE /* Array+Only.swift in Sources */,
				02ADA7A02513942E0003CF63 /* EmojiMemoryGameView.swift in Sources */,
				02ADA7B22513AED00003CF63 /* EmojiMemoryGame.swift in Sources */,
				0288CFA4251A3608002D5ED5 /* Array+Identifiable.swift in Sources */,
				0288CFA1251A327C002D5ED5 /* GridLayout.swift in Sources */,
				0288CF9E251A2C89002D5ED5 /* Grid.swift in Sources */,
			);
			runOnlyForDeploymentPostprocessing = 0;
		};
/* End PBXSourcesBuildPhase section */

/* Begin PBXVariantGroup section */
		02ADA7A6251394350003CF63 /* LaunchScreen.storyboard */ = {
			isa = PBXVariantGroup;
			children = (
				02ADA7A7251394350003CF63 /* Base */,
			);
			name = LaunchScreen.storyboard;
			sourceTree = "<group>";
		};
/* End PBXVariantGroup section */

/* Begin XCBuildConfiguration section */
		02ADA7AA251394350003CF63 /* Debug */ = {
			isa = XCBuildConfiguration;
			buildSettings = {
				ALWAYS_SEARCH_USER_PATHS = NO;
				CLANG_ANALYZER_NONNULL = YES;
				CLANG_ANALYZER_NUMBER_OBJECT_CONVERSION = YES_AGGRESSIVE;
				CLANG_CXX_LANGUAGE_STANDARD = "gnu++14";
				CLANG_CXX_LIBRARY = "libc++";
				CLANG_ENABLE_MODULES = YES;
				CLANG_ENABLE_OBJC_ARC = YES;
				CLANG_ENABLE_OBJC_WEAK = YES;
				CLANG_WARN_BLOCK_CAPTURE_AUTORELEASING = YES;
				CLANG_WARN_BOOL_CONVERSION = YES;
				CLANG_WARN_COMMA = YES;
				CLANG_WARN_CONSTANT_CONVERSION = YES;
				CLANG_WARN_DEPRECATED_OBJC_IMPLEMENTATIONS = YES;
				CLANG_WARN_DIRECT_OBJC_ISA_USAGE = YES_ERROR;
				CLANG_WARN_DOCUMENTATION_COMMENTS = YES;
				CLANG_WARN_EMPTY_BODY = YES;
				CLANG_WARN_ENUM_CONVERSION = YES;
				CLANG_WARN_INFINITE_RECURSION = YES;
				CLANG_WARN_INT_CONVERSION = YES;
				CLANG_WARN_NON_LITERAL_NULL_CONVERSION = YES;
				CLANG_WARN_OBJC_IMPLICIT_RETAIN_SELF = YES;
				CLANG_WARN_OBJC_LITERAL_CONVERSION = YES;
				CLANG_WARN_OBJC_ROOT_CLASS = YES_ERROR;
				CLANG_WARN_RANGE_LOOP_ANALYSIS = YES;
				CLANG_WARN_STRICT_PROTOTYPES = YES;
				CLANG_WARN_SUSPICIOUS_MOVE = YES;
				CLANG_WARN_UNGUARDED_AVAILABILITY = YES_AGGRESSIVE;
				CLANG_WARN_UNREACHABLE_CODE = YES;
				CLANG_WARN__DUPLICATE_METHOD_MATCH = YES;
				COPY_PHASE_STRIP = NO;
				DEBUG_INFORMATION_FORMAT = dwarf;
				ENABLE_STRICT_OBJC_MSGSEND = YES;
				ENABLE_TESTABILITY = YES;
				GCC_C_LANGUAGE_STANDARD = gnu11;
				GCC_DYNAMIC_NO_PIC = NO;
				GCC_NO_COMMON_BLOCKS = YES;
				GCC_OPTIMIZATION_LEVEL = 0;
				GCC_PREPROCESSOR_DEFINITIONS = (
					"DEBUG=1",
					"$(inherited)",
				);
				GCC_WARN_64_TO_32_BIT_CONVERSION = YES;
				GCC_WARN_ABOUT_RETURN_TYPE = YES_ERROR;
				GCC_WARN_UNDECLARED_SELECTOR = YES;
				GCC_WARN_UNINITIALIZED_AUTOS = YES_AGGRESSIVE;
				GCC_WARN_UNUSED_FUNCTION = YES;
				GCC_WARN_UNUSED_VARIABLE = YES;
				IPHONEOS_DEPLOYMENT_TARGET = 13.7;
				MTL_ENABLE_DEBUG_INFO = INCLUDE_SOURCE;
				MTL_FAST_MATH = YES;
				ONLY_ACTIVE_ARCH = YES;
				SDKROOT = iphoneos;
				SWIFT_ACTIVE_COMPILATION_CONDITIONS = DEBUG;
				SWIFT_OPTIMIZATION_LEVEL = "-Onone";
			};
			name = Debug;
		};
		02ADA7AB251394350003CF63 /* Release */ = {
			isa = XCBuildConfiguration;
			buildSettings = {
				ALWAYS_SEARCH_USER_PATHS = NO;
				CLANG_ANALYZER_NONNULL = YES;
				CLANG_ANALYZER_NUMBER_OBJECT_CONVERSION = YES_AGGRESSIVE;
				CLANG_CXX_LANGUAGE_STANDARD = "gnu++14";
				CLANG_CXX_LIBRARY = "libc++";
				CLANG_ENABLE_MODULES = YES;
				CLANG_ENABLE_OBJC_ARC = YES;
				CLANG_ENABLE_OBJC_WEAK = YES;
				CLANG_WARN_BLOCK_CAPTURE_AUTORELEASING = YES;
				CLANG_WARN_BOOL_CONVERSION = YES;
				CLANG_WARN_COMMA = YES;
				CLANG_WARN_CONSTANT_CONVERSION = YES;
				CLANG_WARN_DEPRECATED_OBJC_IMPLEMENTATIONS = YES;
				CLANG_WARN_DIRECT_OBJC_ISA_USAGE = YES_ERROR;
				CLANG_WARN_DOCUMENTATION_COMMENTS = YES;
				CLANG_WARN_EMPTY_BODY = YES;
				CLANG_WARN_ENUM_CONVERSION = YES;
				CLANG_WARN_INFINITE_RECURSION = YES;
				CLANG_WARN_INT_CONVERSION = YES;
				CLANG_WARN_NON_LITERAL_NULL_CONVERSION = YES;
				CLANG_WARN_OBJC_IMPLICIT_RETAIN_SELF = YES;
				CLANG_WARN_OBJC_LITERAL_CONVERSION = YES;
				CLANG_WARN_OBJC_ROOT_CLASS = YES_ERROR;
				CLANG_WARN_RANGE_LOOP_ANALYSIS = YES;
				CLANG_WARN_STRICT_PROTOTYPES = YES;
				CLANG_WARN_SUSPICIOUS_MOVE = YES;
				CLANG_WARN_UNGUARDED_AVAILABILITY = YES_AGGRESSIVE;
				CLANG_WARN_UNREACHABLE_CODE = YES;
				CLANG_WARN__DUPLICATE_METHOD_MATCH = YES;
				COPY_PHASE_STRIP = NO;
				DEBUG_INFORMATION_FORMAT = "dwarf-with-dsym";
				ENABLE_NS_ASSERTIONS = NO;
				ENABLE_STRICT_OBJC_MSGSEND = YES;
				GCC_C_LANGUAGE_STANDARD = gnu11;
				GCC_NO_COMMON_BLOCKS = YES;
				GCC_WARN_64_TO_32_BIT_CONVERSION = YES;
				GCC_WARN_ABOUT_RETURN_TYPE = YES_ERROR;
				GCC_WARN_UNDECLARED_SELECTOR = YES;
				GCC_WARN_UNINITIALIZED_AUTOS = YES_AGGRESSIVE;
				GCC_WARN_UNUSED_FUNCTION = YES;
				GCC_WARN_UNUSED_VARIABLE = YES;
				IPHONEOS_DEPLOYMENT_TARGET = 13.7;
				MTL_ENABLE_DEBUG_INFO = NO;
				MTL_FAST_MATH = YES;
				SDKROOT = iphoneos;
				SWIFT_COMPILATION_MODE = wholemodule;
				SWIFT_OPTIMIZATION_LEVEL = "-O";
				VALIDATE_PRODUCT = YES;
			};
			name = Release;
		};
		02ADA7AD251394350003CF63 /* Debug */ = {
			isa = XCBuildConfiguration;
			buildSettings = {
				ASSETCATALOG_COMPILER_APPICON_NAME = AppIcon;
				CODE_SIGN_STYLE = Automatic;
				DEVELOPMENT_ASSET_PATHS = "\"Memorize/Preview Content\"";
				DEVELOPMENT_TEAM = H6T6MUCK9A;
				ENABLE_PREVIEWS = YES;
				INFOPLIST_FILE = Memorize/Info.plist;
				LD_RUNPATH_SEARCH_PATHS = (
					"$(inherited)",
					"@executable_path/Frameworks",
				);
				PRODUCT_BUNDLE_IDENTIFIER = com.ynskski.Memorize;
				PRODUCT_NAME = "$(TARGET_NAME)";
				SWIFT_VERSION = 5.0;
				TARGETED_DEVICE_FAMILY = "1,2";
			};
			name = Debug;
		};
		02ADA7AE251394350003CF63 /* Release */ = {
			isa = XCBuildConfiguration;
			buildSettings = {
				ASSETCATALOG_COMPILER_APPICON_NAME = AppIcon;
				CODE_SIGN_STYLE = Automatic;
				DEVELOPMENT_ASSET_PATHS = "\"Memorize/Preview Content\"";
				DEVELOPMENT_TEAM = H6T6MUCK9A;
				ENABLE_PREVIEWS = YES;
				INFOPLIST_FILE = Memorize/Info.plist;
				LD_RUNPATH_SEARCH_PATHS = (
					"$(inherited)",
					"@executable_path/Frameworks",
				);
				PRODUCT_BUNDLE_IDENTIFIER = com.ynskski.Memorize;
				PRODUCT_NAME = "$(TARGET_NAME)";
				SWIFT_VERSION = 5.0;
				TARGETED_DEVICE_FAMILY = "1,2";
			};
			name = Release;
		};
/* End XCBuildConfiguration section */

/* Begin XCConfigurationList section */
		02ADA7932513942E0003CF63 /* Build configuration list for PBXProject "Memorize" */ = {
			isa = XCConfigurationList;
			buildConfigurations = (
				02ADA7AA251394350003CF63 /* Debug */,
				02ADA7AB251394350003CF63 /* Release */,
			);
			defaultConfigurationIsVisible = 0;
			defaultConfigurationName = Release;
		};
		02ADA7AC251394350003CF63 /* Build configuration list for PBXNativeTarget "Memorize" */ = {
			isa = XCConfigurationList;
			buildConfigurations = (
				02ADA7AD251394350003CF63 /* Debug */,
				02ADA7AE251394350003CF63 /* Release */,
			);
			defaultConfigurationIsVisible = 0;
			defaultConfigurationName = Release;
		};
/* End XCConfigurationList section */
	};
	rootObject = 02ADA7902513942E0003CF63 /* Project object */;
}
